
Microsoft Visual Studio Solution File, Format Version 12.00
# Visual Studio Version 17
VisualStudioVersion = 17.10.35122.118
MinimumVisualStudioVersion = 10.0.40219.1
Project("{FAE04EC0-301F-11D3-BF4B-00C04F79EFBC}") = "TaskManager", "TaskManager\TaskManager.csproj", "{CBED4C21-082C-471A-9C07-C615E9D3BF6C}"
EndProject
Global
	GlobalSection(SolutionConfigurationPlatforms) = preSolution
		Debug|Any CPU = Debug|Any CPU
		Release|Any CPU = Release|Any CPU
	EndGlobalSection
	GlobalSection(ProjectConfigurationPlatforms) = postSolution
		{CBED4C21-082C-471A-9C07-C615E9D3BF6C}.Debug|Any CPU.ActiveCfg = Debug|Any CPU
		{CBED4C21-082C-471A-9C07-C615E9D3BF6C}.Debug|Any CPU.Build.0 = Debug|Any CPU
		{CBED4C21-082C-471A-9C07-C615E9D3BF6C}.Release|Any CPU.ActiveCfg = Release|Any CPU
		{CBED4C21-082C-471A-9C07-C615E9D3BF6C}.Release|Any CPU.Build.0 = Release|Any CPU
	EndGlobalSection
	GlobalSection(SolutionProperties) = preSolution
		HideSolutionNode = FALSE
	EndGlobalSection
	GlobalSection(ExtensibilityGlobals) = postSolution
		SolutionGuid = {46B54654-D30D-4842-B21F-E7332CEAB363}
	EndGlobalSection
EndGlobal
